Microsoft Visual Studio Solution File, Format Version 11.00
# Visual Studio 2008

Project("{8EA96B55-DD97-0664-BC7C-D33312FE381D}") = "NineBallPool", "Assembly-CSharp-firstpass-vs.csproj", "{D05A3452-CC33-F50A-BEEE-3FC0B7E983B2}"
EndProject
Project("{8EA96B55-DD97-0664-BC7C-D33312FE381D}") = "NineBallPool", "Assembly-CSharp-vs.csproj", "{ECD16806-7463-DEFB-0CBA-BD5D45F40EF2}"
EndProject
Project("{8EA96B55-DD97-0664-BC7C-D33312FE381D}") = "NineBallPool", "Assembly-CSharp-Editor-vs.csproj", "{DEE43F92-61F0-1558-9B6E-8D5AAF43E574}"
EndProject
Global
	GlobalSection(SolutionConfigurationPlatforms) = preSolution
		Debug|Any CPU = Debug|Any CPU
		Release|Any CPU = Release|Any CPU
	EndGlobalSection
	GlobalSection(ProjectConfigurationPlatforms) = postSolution
		{D05A3452-CC33-F50A-BEEE-3FC0B7E983B2}.Debug|Any CPU.ActiveCfg = Debug|Any CPU
		{D05A3452-CC33-F50A-BEEE-3FC0B7E983B2}.Debug|Any CPU.Build.0 = Debug|Any CPU
		{D05A3452-CC33-F50A-BEEE-3FC0B7E983B2}.Release|Any CPU.ActiveCfg = Release|Any CPU
		{D05A3452-CC33-F50A-BEEE-3FC0B7E983B2}.Release|Any CPU.Build.0 = Release|Any CPU
		{ECD16806-7463-DEFB-0CBA-BD5D45F40EF2}.Debug|Any CPU.ActiveCfg = Debug|Any CPU
		{ECD16806-7463-DEFB-0CBA-BD5D45F40EF2}.Debug|Any CPU.Build.0 = Debug|Any CPU
		{ECD16806-7463-DEFB-0CBA-BD5D45F40EF2}.Release|Any CPU.ActiveCfg = Release|Any CPU
		{ECD16806-7463-DEFB-0CBA-BD5D45F40EF2}.Release|Any CPU.Build.0 = Release|Any CPU
		{DEE43F92-61F0-1558-9B6E-8D5AAF43E574}.Debug|Any CPU.ActiveCfg = Debug|Any CPU
		{DEE43F92-61F0-1558-9B6E-8D5AAF43E574}.Debug|Any CPU.Build.0 = Debug|Any CPU
		{DEE43F92-61F0-1558-9B6E-8D5AAF43E574}.Release|Any CPU.ActiveCfg = Release|Any CPU
		{DEE43F92-61F0-1558-9B6E-8D5AAF43E574}.Release|Any CPU.Build.0 = Release|Any CPU
	EndGlobalSection
	GlobalSection(SolutionProperties) = preSolution
		HideSolutionNode = FALSE
	EndGlobalSection
																																																																																							GlobalSection(MonoDevelopProperties) = preSolution
		StartupItem = Assembly-CSharp.csproj
		Policies = $0
		$0.TextStylePolicy = $3
		$1.inheritsSet = null
		$1.scope = text/x-csharp
		$0.CSharpFormattingPolicy = $2
		$2.inheritsSet = Mono
		$2.inheritsScope = text/x-csharp
		$2.scope = text/x-csharp
		$3.FileWidth = 120
		$3.TabWidth = 4
		$3.EolMarker = Unix
		$3.inheritsSet = Mono
		$3.inheritsScope = text/plain
		$3.scope = text/plain
	EndGlobalSection

EndGlobal
